
Microsoft Visual Studio Solution File, Format Version 12.00
# Visual Studio 2012
Project("{FAE04EC0-301F-11D3-BF4B-00C04F79EFBC}") = "Example_1_FileStream", "DataAccess_Examples\Example_1_FileStream.csproj", "{B9ACF6A1-CED1-4C72-B915-B035A6331DDA}"
EndProject
Project("{FAE04EC0-301F-11D3-BF4B-00C04F79EFBC}") = "Example_2_GZipStream", "Example_2_GZipStream\Example_2_GZipStream.csproj", "{132FD15F-FC7F-4AE2-8138-C1ADC618BBB8}"
EndProject
Project("{FAE04EC0-301F-11D3-BF4B-00C04F79EFBC}") = "Example_3_StreamWriter", "Example_3_StreamWriter\Example_3_StreamWriter.csproj", "{42361932-7E83-4F99-8272-11E85D3E3CF6}"
EndProject
Project("{FAE04EC0-301F-11D3-BF4B-00C04F79EFBC}") = "Example_4_StreamReader", "Example_4_StreamReader\Example_4_StreamReader.csproj", "{1D1B1210-0143-4149-B911-42F20C6D0BCE}"
EndProject
Project("{FAE04EC0-301F-11D3-BF4B-00C04F79EFBC}") = "Example_5_BinaryReadWrite", "Example_5_BinaryReadWrite\Example_5_BinaryReadWrite.csproj", "{DB8B71C2-6790-4F24-AD03-86ABBB1C0FC0}"
EndProject
Project("{FAE04EC0-301F-11D3-BF4B-00C04F79EFBC}") = "Example_6_MemoryStream", "Example_6_MemoryStream\Example_6_MemoryStream.csproj", "{9F9CF39F-82CA-4C95-A3B0-C7C7DB40C86C}"
EndProject
Project("{FAE04EC0-301F-11D3-BF4B-00C04F79EFBC}") = "Example_7_AsynhronousIO", "Example_7_Asynhronous\Example_7_AsynhronousIO.csproj", "{7EA90B0C-DD4F-4A27-9AC7-B6A8EE4AEB63}"
EndProject
Project("{FAE04EC0-301F-11D3-BF4B-00C04F79EFBC}") = "Example_8_StringFormat", "Example_8_StringFormat\Example_8_StringFormat.csproj", "{D0D757EE-AAEB-401C-A5FE-3DF13F492200}"
EndProject
Project("{FAE04EC0-301F-11D3-BF4B-00C04F79EFBC}") = "Example_9_StringBuilder", "Example_9_StringBuilder\Example_9_StringBuilder.csproj", "{5A6A886F-30D3-42F7-AD59-BF5B48552A04}"
EndProject
Project("{FAE04EC0-301F-11D3-BF4B-00C04F79EFBC}") = "Example_10_Regex_1", "Example_10_Regex_1\Example_10_Regex_1.csproj", "{BBB5E0E7-3F29-4E1F-A805-D3DA3AF68D14}"
EndProject
Project("{FAE04EC0-301F-11D3-BF4B-00C04F79EFBC}") = "Example_11_MatchCollection", "Example_11_MatchCollection\Example_11_MatchCollection.csproj", "{5A95E28F-76D0-4778-B2E1-00F56730AF9A}"
EndProject
Project("{FAE04EC0-301F-11D3-BF4B-00C04F79EFBC}") = "Example_12_Serialization", "Example_12_Serialization\Example_12_Serialization.csproj", "{8E8A0F1C-2252-4CDE-9582-251412F707D3}"
EndProject
Project("{FAE04EC0-301F-11D3-BF4B-00C04F79EFBC}") = "Example_13_Console_In_Out", "Example_13_Console_In_Out\Example_13_Console_In_Out.csproj", "{743C04F9-4D90-49E2-ABB2-2D6BC74A160C}"
EndProject
Project("{FAE04EC0-301F-11D3-BF4B-00C04F79EFBC}") = "Example_14_StringWriterReader", "Example_14_StringWriterReader\Example_14_StringWriterReader.csproj", "{BA5D8A77-A13B-41CF-BF2C-F67A1AFB4D1B}"
EndProject
Project("{FAE04EC0-301F-11D3-BF4B-00C04F79EFBC}") = "Example_15_String", "Example_15_String\Example_15_String.csproj", "{927E8060-8BC9-42A5-9FC9-24ED2574B7F8}"
EndProject
Project("{FAE04EC0-301F-11D3-BF4B-00C04F79EFBC}") = "Example_16_StringComparison", "Example_16_StringComparison\Example_16_StringComparison.csproj", "{05E1E454-D1BA-4066-816B-A14D3E0021C5}"
EndProject
Project("{FAE04EC0-301F-11D3-BF4B-00C04F79EFBC}") = "Example_17_Escape_Sequences", "Example_17_Escape_Sequences\Example_17_Escape_Sequences.csproj", "{B685FD35-30D6-4778-8399-671D9725F8BE}"
EndProject
Project("{FAE04EC0-301F-11D3-BF4B-00C04F79EFBC}") = "Example_20_SqlConnection", "Example_20_SqlConnection\Example_20_SqlConnection.csproj", "{ABCB824B-30C1-46CC-8650-0325932F5646}"
EndProject
Project("{FAE04EC0-301F-11D3-BF4B-00C04F79EFBC}") = "Example_21_SqlCommand", "Example_21_SqlCommand\Example_21_SqlCommand.csproj", "{BFF8967E-AB9D-40A0-AC10-35EDDFC32191}"
EndProject
Project("{FAE04EC0-301F-11D3-BF4B-00C04F79EFBC}") = "Example_22_AppConfig", "Example_22_AppConfig\Example_22_AppConfig.csproj", "{433D3CF7-12D8-44F8-8B6D-8D4A1D03F9FA}"
EndProject
Project("{FAE04EC0-301F-11D3-BF4B-00C04F79EFBC}") = "Example_23_ExecuteNonQuery", "Example_23_ExecuteNonQuery\Example_23_ExecuteNonQuery.csproj", "{DCBF42AD-BFF1-4724-94CA-B79F42B1EAF6}"
EndProject
Project("{FAE04EC0-301F-11D3-BF4B-00C04F79EFBC}") = "Example_24_ExecuteScalar", "Example_24_ExecuteScalar\Example_24_ExecuteScalar.csproj", "{BD29F1A7-8948-4189-A969-1D050D4B9F2D}"
EndProject
Project("{FAE04EC0-301F-11D3-BF4B-00C04F79EFBC}") = "Example_26_DataAdapter", "Example_26_DataAdapter\Example_26_DataAdapter.csproj", "{0E03CA80-2E97-4919-9F37-91EB7C2EF849}"
EndProject
Project("{FAE04EC0-301F-11D3-BF4B-00C04F79EFBC}") = "Example_27_UpdateDataUsingDataAdapter", "Example_27_UpdateDataUsingDataAdapter\Example_27_UpdateDataUsingDataAdapter.csproj", "{8A3035BC-147B-42D5-B6C1-05E185200CAE}"
EndProject
Project("{FAE04EC0-301F-11D3-BF4B-00C04F79EFBC}") = "Example_28_SerializingAsXML", "Example_28_SerializingAsXML\Example_28_SerializingAsXML.csproj", "{0E71EB53-09B6-476C-886A-F0523706011C}"
EndProject
Project("{FAE04EC0-301F-11D3-BF4B-00C04F79EFBC}") = "Example_29_InMemoryRelationships", "Example_29_InMemoryRelationships\Example_29_InMemoryRelationships.csproj", "{90E611DE-1217-4D2C-92DF-9DD90BDAFA65}"
EndProject
Project("{FAE04EC0-301F-11D3-BF4B-00C04F79EFBC}") = "Example_30_ConnectedModeTransaction", "Example_30_ConnectedModeTransaction\Example_30_ConnectedModeTransaction.csproj", "{E92B208C-DB94-4690-A279-739E6264E199}"
EndProject
Project("{FAE04EC0-301F-11D3-BF4B-00C04F79EFBC}") = "Example_32_EFCodeFirst", "Example_32_EFCodeFirst\Example_32_EFCodeFirst.csproj", "{DB761879-DB2A-4D5B-BC5F-1DC0CA00E7D4}"
EndProject
Project("{FAE04EC0-301F-11D3-BF4B-00C04F79EFBC}") = "Example_33_Json", "Example_33_Json\Example_33_Json.csproj", "{3C1BC41E-01B8-434E-AB39-72B61DFC8045}"
EndProject
Project("{FAE04EC0-301F-11D3-BF4B-00C04F79EFBC}") = "Example_34_Simple_LINQ", "Example_34_Simple_LINQ\Example_34_Simple_LINQ.csproj", "{D841B4C6-9B25-45F2-8219-AB7232325B4D}"
EndProject
Project("{FAE04EC0-301F-11D3-BF4B-00C04F79EFBC}") = "Example_35_Sorting", "Example_35_Sorting\Example_35_Sorting.csproj", "{E4C3BCFF-53D3-478E-AF16-9193AD59DB2D}"
EndProject
Project("{FAE04EC0-301F-11D3-BF4B-00C04F79EFBC}") = "Example_36_Grouping", "Example_36_Grouping\Example_36_Grouping.csproj", "{7B237058-6067-474F-A225-3019B9E49D20}"
EndProject
Project("{FAE04EC0-301F-11D3-BF4B-00C04F79EFBC}") = "Example_37_Join", "Example_37_Join\Example_37_Join.csproj", "{3B8707AA-5823-4F4D-9D01-23E46CD0F28B}"
EndProject
Project("{FAE04EC0-301F-11D3-BF4B-00C04F79EFBC}") = "Example_38_Extention_method", "Example_38_Extention_method\Example_38_Extention_method.csproj", "{3DBE0650-03C1-47BA-845E-2693877EAF30}"
EndProject
Project("{FAE04EC0-301F-11D3-BF4B-00C04F79EFBC}") = "Example_39_Linq_Extension_methods", "Example_39_Linq_Extension_methods\Example_39_Linq_Extension_methods.csproj", "{F5D313AA-73CC-4818-B07A-B5F91E8DA0BC}"
EndProject
Project("{FAE04EC0-301F-11D3-BF4B-00C04F79EFBC}") = "Example_40_Query_Execution", "Example_40_Query_Execution\Example_40_Query_Execution.csproj", "{BC88530A-CC08-4760-B7B3-032C05CAAE74}"
EndProject
Project("{FAE04EC0-301F-11D3-BF4B-00C04F79EFBC}") = "Example_41_LinqToXml", "Example_41_LinqToXml\Example_41_LinqToXml.csproj", "{3B930142-3284-4F26-9E2C-845DE3AA4C52}"
EndProject
Global
	GlobalSection(SolutionConfigurationPlatforms) = preSolution
		Debug|Any CPU = Debug|Any CPU
		Release|Any CPU = Release|Any CPU
	EndGlobalSection
	GlobalSection(ProjectConfigurationPlatforms) = postSolution
		{B9ACF6A1-CED1-4C72-B915-B035A6331DDA}.Debug|Any CPU.ActiveCfg = Debug|Any CPU
		{B9ACF6A1-CED1-4C72-B915-B035A6331DDA}.Debug|Any CPU.Build.0 = Debug|Any CPU
		{B9ACF6A1-CED1-4C72-B915-B035A6331DDA}.Release|Any CPU.ActiveCfg = Release|Any CPU
		{B9ACF6A1-CED1-4C72-B915-B035A6331DDA}.Release|Any CPU.Build.0 = Release|Any CPU
		{132FD15F-FC7F-4AE2-8138-C1ADC618BBB8}.Debug|Any CPU.ActiveCfg = Debug|Any CPU
		{132FD15F-FC7F-4AE2-8138-C1ADC618BBB8}.Debug|Any CPU.Build.0 = Debug|Any CPU
		{132FD15F-FC7F-4AE2-8138-C1ADC618BBB8}.Release|Any CPU.ActiveCfg = Release|Any CPU
		{132FD15F-FC7F-4AE2-8138-C1ADC618BBB8}.Release|Any CPU.Build.0 = Release|Any CPU
		{42361932-7E83-4F99-8272-11E85D3E3CF6}.Debug|Any CPU.ActiveCfg = Debug|Any CPU
		{42361932-7E83-4F99-8272-11E85D3E3CF6}.Debug|Any CPU.Build.0 = Debug|Any CPU
		{42361932-7E83-4F99-8272-11E85D3E3CF6}.Release|Any CPU.ActiveCfg = Release|Any CPU
		{42361932-7E83-4F99-8272-11E85D3E3CF6}.Release|Any CPU.Build.0 = Release|Any CPU
		{1D1B1210-0143-4149-B911-42F20C6D0BCE}.Debug|Any CPU.ActiveCfg = Debug|Any CPU
		{1D1B1210-0143-4149-B911-42F20C6D0BCE}.Debug|Any CPU.Build.0 = Debug|Any CPU
		{1D1B1210-0143-4149-B911-42F20C6D0BCE}.Release|Any CPU.ActiveCfg = Release|Any CPU
		{1D1B1210-0143-4149-B911-42F20C6D0BCE}.Release|Any CPU.Build.0 = Release|Any CPU
		{DB8B71C2-6790-4F24-AD03-86ABBB1C0FC0}.Debug|Any CPU.ActiveCfg = Debug|Any CPU
		{DB8B71C2-6790-4F24-AD03-86ABBB1C0FC0}.Debug|Any CPU.Build.0 = Debug|Any CPU
		{DB8B71C2-6790-4F24-AD03-86ABBB1C0FC0}.Release|Any CPU.ActiveCfg = Release|Any CPU
		{DB8B71C2-6790-4F24-AD03-86ABBB1C0FC0}.Release|Any CPU.Build.0 = Release|Any CPU
		{9F9CF39F-82CA-4C95-A3B0-C7C7DB40C86C}.Debug|Any CPU.ActiveCfg = Debug|Any CPU
		{9F9CF39F-82CA-4C95-A3B0-C7C7DB40C86C}.Debug|Any CPU.Build.0 = Debug|Any CPU
		{9F9CF39F-82CA-4C95-A3B0-C7C7DB40C86C}.Release|Any CPU.ActiveCfg = Release|Any CPU
		{9F9CF39F-82CA-4C95-A3B0-C7C7DB40C86C}.Release|Any CPU.Build.0 = Release|Any CPU
		{7EA90B0C-DD4F-4A27-9AC7-B6A8EE4AEB63}.Debug|Any CPU.ActiveCfg = Debug|Any CPU
		{7EA90B0C-DD4F-4A27-9AC7-B6A8EE4AEB63}.Debug|Any CPU.Build.0 = Debug|Any CPU
		{7EA90B0C-DD4F-4A27-9AC7-B6A8EE4AEB63}.Release|Any CPU.ActiveCfg = Release|Any CPU
		{7EA90B0C-DD4F-4A27-9AC7-B6A8EE4AEB63}.Release|Any CPU.Build.0 = Release|Any CPU
		{D0D757EE-AAEB-401C-A5FE-3DF13F492200}.Debug|Any CPU.ActiveCfg = Debug|Any CPU
		{D0D757EE-AAEB-401C-A5FE-3DF13F492200}.Debug|Any CPU.Build.0 = Debug|Any CPU
		{D0D757EE-AAEB-401C-A5FE-3DF13F492200}.Release|Any CPU.ActiveCfg = Release|Any CPU
		{D0D757EE-AAEB-401C-A5FE-3DF13F492200}.Release|Any CPU.Build.0 = Release|Any CPU
		{5A6A886F-30D3-42F7-AD59-BF5B48552A04}.Debug|Any CPU.ActiveCfg = Debug|Any CPU
		{5A6A886F-30D3-42F7-AD59-BF5B48552A04}.Debug|Any CPU.Build.0 = Debug|Any CPU
		{5A6A886F-30D3-42F7-AD59-BF5B48552A04}.Release|Any CPU.ActiveCfg = Release|Any CPU
		{5A6A886F-30D3-42F7-AD59-BF5B48552A04}.Release|Any CPU.Build.0 = Release|Any CPU
		{BBB5E0E7-3F29-4E1F-A805-D3DA3AF68D14}.Debug|Any CPU.ActiveCfg = Debug|Any CPU
		{BBB5E0E7-3F29-4E1F-A805-D3DA3AF68D14}.Debug|Any CPU.Build.0 = Debug|Any CPU
		{BBB5E0E7-3F29-4E1F-A805-D3DA3AF68D14}.Release|Any CPU.ActiveCfg = Release|Any CPU
		{BBB5E0E7-3F29-4E1F-A805-D3DA3AF68D14}.Release|Any CPU.Build.0 = Release|Any CPU
		{5A95E28F-76D0-4778-B2E1-00F56730AF9A}.Debug|Any CPU.ActiveCfg = Debug|Any CPU
		{5A95E28F-76D0-4778-B2E1-00F56730AF9A}.Debug|Any CPU.Build.0 = Debug|Any CPU
		{5A95E28F-76D0-4778-B2E1-00F56730AF9A}.Release|Any CPU.ActiveCfg = Release|Any CPU
		{5A95E28F-76D0-4778-B2E1-00F56730AF9A}.Release|Any CPU.Build.0 = Release|Any CPU
		{8E8A0F1C-2252-4CDE-9582-251412F707D3}.Debug|Any CPU.ActiveCfg = Debug|Any CPU
		{8E8A0F1C-2252-4CDE-9582-251412F707D3}.Debug|Any CPU.Build.0 = Debug|Any CPU
		{8E8A0F1C-2252-4CDE-9582-251412F707D3}.Release|Any CPU.ActiveCfg = Release|Any CPU
		{8E8A0F1C-2252-4CDE-9582-251412F707D3}.Release|Any CPU.Build.0 = Release|Any CPU
		{743C04F9-4D90-49E2-ABB2-2D6BC74A160C}.Debug|Any CPU.ActiveCfg = Debug|Any CPU
		{743C04F9-4D90-49E2-ABB2-2D6BC74A160C}.Debug|Any CPU.Build.0 = Debug|Any CPU
		{743C04F9-4D90-49E2-ABB2-2D6BC74A160C}.Release|Any CPU.ActiveCfg = Release|Any CPU
		{743C04F9-4D90-49E2-ABB2-2D6BC74A160C}.Release|Any CPU.Build.0 = Release|Any CPU
		{BA5D8A77-A13B-41CF-BF2C-F67A1AFB4D1B}.Debug|Any CPU.ActiveCfg = Debug|Any CPU
		{BA5D8A77-A13B-41CF-BF2C-F67A1AFB4D1B}.Debug|Any CPU.Build.0 = Debug|Any CPU
		{BA5D8A77-A13B-41CF-BF2C-F67A1AFB4D1B}.Release|Any CPU.ActiveCfg = Release|Any CPU
		{BA5D8A77-A13B-41CF-BF2C-F67A1AFB4D1B}.Release|Any CPU.Build.0 = Release|Any CPU
		{927E8060-8BC9-42A5-9FC9-24ED2574B7F8}.Debug|Any CPU.ActiveCfg = Debug|Any CPU
		{927E8060-8BC9-42A5-9FC9-24ED2574B7F8}.Debug|Any CPU.Build.0 = Debug|Any CPU
		{927E8060-8BC9-42A5-9FC9-24ED2574B7F8}.Release|Any CPU.ActiveCfg = Release|Any CPU
		{927E8060-8BC9-42A5-9FC9-24ED2574B7F8}.Release|Any CPU.Build.0 = Release|Any CPU
		{05E1E454-D1BA-4066-816B-A14D3E0021C5}.Debug|Any CPU.ActiveCfg = Debug|Any CPU
		{05E1E454-D1BA-4066-816B-A14D3E0021C5}.Debug|Any CPU.Build.0 = Debug|Any CPU
		{05E1E454-D1BA-4066-816B-A14D3E0021C5}.Release|Any CPU.ActiveCfg = Release|Any CPU
		{05E1E454-D1BA-4066-816B-A14D3E0021C5}.Release|Any CPU.Build.0 = Release|Any CPU
		{B685FD35-30D6-4778-8399-671D9725F8BE}.Debug|Any CPU.ActiveCfg = Debug|Any CPU
		{B685FD35-30D6-4778-8399-671D9725F8BE}.Debug|Any CPU.Build.0 = Debug|Any CPU
		{B685FD35-30D6-4778-8399-671D9725F8BE}.Release|Any CPU.ActiveCfg = Release|Any CPU
		{B685FD35-30D6-4778-8399-671D9725F8BE}.Release|Any CPU.Build.0 = Release|Any CPU
		{ABCB824B-30C1-46CC-8650-0325932F5646}.Debug|Any CPU.ActiveCfg = Debug|Any CPU
		{ABCB824B-30C1-46CC-8650-0325932F5646}.Debug|Any CPU.Build.0 = Debug|Any CPU
		{ABCB824B-30C1-46CC-8650-0325932F5646}.Release|Any CPU.ActiveCfg = Release|Any CPU
		{ABCB824B-30C1-46CC-8650-0325932F5646}.Release|Any CPU.Build.0 = Release|Any CPU
		{BFF8967E-AB9D-40A0-AC10-35EDDFC32191}.Debug|Any CPU.ActiveCfg = Debug|Any CPU
		{BFF8967E-AB9D-40A0-AC10-35EDDFC32191}.Debug|Any CPU.Build.0 = Debug|Any CPU
		{BFF8967E-AB9D-40A0-AC10-35EDDFC32191}.Release|Any CPU.ActiveCfg = Release|Any CPU
		{BFF8967E-AB9D-40A0-AC10-35EDDFC32191}.Release|Any CPU.Build.0 = Release|Any CPU
		{433D3CF7-12D8-44F8-8B6D-8D4A1D03F9FA}.Debug|Any CPU.ActiveCfg = Debug|Any CPU
		{433D3CF7-12D8-44F8-8B6D-8D4A1D03F9FA}.Debug|Any CPU.Build.0 = Debug|Any CPU
		{433D3CF7-12D8-44F8-8B6D-8D4A1D03F9FA}.Release|Any CPU.ActiveCfg = Release|Any CPU
		{433D3CF7-12D8-44F8-8B6D-8D4A1D03F9FA}.Release|Any CPU.Build.0 = Release|Any CPU
		{DCBF42AD-BFF1-4724-94CA-B79F42B1EAF6}.Debug|Any CPU.ActiveCfg = Debug|Any CPU
		{DCBF42AD-BFF1-4724-94CA-B79F42B1EAF6}.Debug|Any CPU.Build.0 = Debug|Any CPU
		{DCBF42AD-BFF1-4724-94CA-B79F42B1EAF6}.Release|Any CPU.ActiveCfg = Release|Any CPU
		{DCBF42AD-BFF1-4724-94CA-B79F42B1EAF6}.Release|Any CPU.Build.0 = Release|Any CPU
		{BD29F1A7-8948-4189-A969-1D050D4B9F2D}.Debug|Any CPU.ActiveCfg = Debug|Any CPU
		{BD29F1A7-8948-4189-A969-1D050D4B9F2D}.Debug|Any CPU.Build.0 = Debug|Any CPU
		{BD29F1A7-8948-4189-A969-1D050D4B9F2D}.Release|Any CPU.ActiveCfg = Release|Any CPU
		{BD29F1A7-8948-4189-A969-1D050D4B9F2D}.Release|Any CPU.Build.0 = Release|Any CPU
		{0E03CA80-2E97-4919-9F37-91EB7C2EF849}.Debug|Any CPU.ActiveCfg = Debug|Any CPU
		{0E03CA80-2E97-4919-9F37-91EB7C2EF849}.Debug|Any CPU.Build.0 = Debug|Any CPU
		{0E03CA80-2E97-4919-9F37-91EB7C2EF849}.Release|Any CPU.ActiveCfg = Release|Any CPU
		{0E03CA80-2E97-4919-9F37-91EB7C2EF849}.Release|Any CPU.Build.0 = Release|Any CPU
		{8A3035BC-147B-42D5-B6C1-05E185200CAE}.Debug|Any CPU.ActiveCfg = Debug|Any CPU
		{8A3035BC-147B-42D5-B6C1-05E185200CAE}.Debug|Any CPU.Build.0 = Debug|Any CPU
		{8A3035BC-147B-42D5-B6C1-05E185200CAE}.Release|Any CPU.ActiveCfg = Release|Any CPU
		{8A3035BC-147B-42D5-B6C1-05E185200CAE}.Release|Any CPU.Build.0 = Release|Any CPU
		{0E71EB53-09B6-476C-886A-F0523706011C}.Debug|Any CPU.ActiveCfg = Debug|Any CPU
		{0E71EB53-09B6-476C-886A-F0523706011C}.Debug|Any CPU.Build.0 = Debug|Any CPU
		{0E71EB53-09B6-476C-886A-F0523706011C}.Release|Any CPU.ActiveCfg = Release|Any CPU
		{0E71EB53-09B6-476C-886A-F0523706011C}.Release|Any CPU.Build.0 = Release|Any CPU
		{90E611DE-1217-4D2C-92DF-9DD90BDAFA65}.Debug|Any CPU.ActiveCfg = Debug|Any CPU
		{90E611DE-1217-4D2C-92DF-9DD90BDAFA65}.Debug|Any CPU.Build.0 = Debug|Any CPU
		{90E611DE-1217-4D2C-92DF-9DD90BDAFA65}.Release|Any CPU.ActiveCfg = Release|Any CPU
		{90E611DE-1217-4D2C-92DF-9DD90BDAFA65}.Release|Any CPU.Build.0 = Release|Any CPU
		{E92B208C-DB94-4690-A279-739E6264E199}.Debug|Any CPU.ActiveCfg = Debug|Any CPU
		{E92B208C-DB94-4690-A279-739E6264E199}.Debug|Any CPU.Build.0 = Debug|Any CPU
		{E92B208C-DB94-4690-A279-739E6264E199}.Release|Any CPU.ActiveCfg = Release|Any CPU
		{E92B208C-DB94-4690-A279-739E6264E199}.Release|Any CPU.Build.0 = Release|Any CPU
		{DB761879-DB2A-4D5B-BC5F-1DC0CA00E7D4}.Debug|Any CPU.ActiveCfg = Debug|Any CPU
		{DB761879-DB2A-4D5B-BC5F-1DC0CA00E7D4}.Debug|Any CPU.Build.0 = Debug|Any CPU
		{DB761879-DB2A-4D5B-BC5F-1DC0CA00E7D4}.Release|Any CPU.ActiveCfg = Release|Any CPU
		{DB761879-DB2A-4D5B-BC5F-1DC0CA00E7D4}.Release|Any CPU.Build.0 = Release|Any CPU
		{3C1BC41E-01B8-434E-AB39-72B61DFC8045}.Debug|Any CPU.ActiveCfg = Debug|Any CPU
		{3C1BC41E-01B8-434E-AB39-72B61DFC8045}.Debug|Any CPU.Build.0 = Debug|Any CPU
		{3C1BC41E-01B8-434E-AB39-72B61DFC8045}.Release|Any CPU.ActiveCfg = Release|Any CPU
		{3C1BC41E-01B8-434E-AB39-72B61DFC8045}.Release|Any CPU.Build.0 = Release|Any CPU
		{D841B4C6-9B25-45F2-8219-AB7232325B4D}.Debug|Any CPU.ActiveCfg = Debug|Any CPU
		{D841B4C6-9B25-45F2-8219-AB7232325B4D}.Debug|Any CPU.Build.0 = Debug|Any CPU
		{D841B4C6-9B25-45F2-8219-AB7232325B4D}.Release|Any CPU.ActiveCfg = Release|Any CPU
		{D841B4C6-9B25-45F2-8219-AB7232325B4D}.Release|Any CPU.Build.0 = Release|Any CPU
		{E4C3BCFF-53D3-478E-AF16-9193AD59DB2D}.Debug|Any CPU.ActiveCfg = Debug|Any CPU
		{E4C3BCFF-53D3-478E-AF16-9193AD59DB2D}.Debug|Any CPU.Build.0 = Debug|Any CPU
		{E4C3BCFF-53D3-478E-AF16-9193AD59DB2D}.Release|Any CPU.ActiveCfg = Release|Any CPU
		{E4C3BCFF-53D3-478E-AF16-9193AD59DB2D}.Release|Any CPU.Build.0 = Release|Any CPU
		{7B237058-6067-474F-A225-3019B9E49D20}.Debug|Any CPU.ActiveCfg = Debug|Any CPU
		{7B237058-6067-474F-A225-3019B9E49D20}.Debug|Any CPU.Build.0 = Debug|Any CPU
		{7B237058-6067-474F-A225-3019B9E49D20}.Release|Any CPU.ActiveCfg = Release|Any CPU
		{7B237058-6067-474F-A225-3019B9E49D20}.Release|Any CPU.Build.0 = Release|Any CPU
		{3B8707AA-5823-4F4D-9D01-23E46CD0F28B}.Debug|Any CPU.ActiveCfg = Debug|Any CPU
		{3B8707AA-5823-4F4D-9D01-23E46CD0F28B}.Debug|Any CPU.Build.0 = Debug|Any CPU
		{3B8707AA-5823-4F4D-9D01-23E46CD0F28B}.Release|Any CPU.ActiveCfg = Release|Any CPU
		{3B8707AA-5823-4F4D-9D01-23E46CD0F28B}.Release|Any CPU.Build.0 = Release|Any CPU
		{3DBE0650-03C1-47BA-845E-2693877EAF30}.Debug|Any CPU.ActiveCfg = Debug|Any CPU
		{3DBE0650-03C1-47BA-845E-2693877EAF30}.Debug|Any CPU.Build.0 = Debug|Any CPU
		{3DBE0650-03C1-47BA-845E-2693877EAF30}.Release|Any CPU.ActiveCfg = Release|Any CPU
		{3DBE0650-03C1-47BA-845E-2693877EAF30}.Release|Any CPU.Build.0 = Release|Any CPU
		{F5D313AA-73CC-4818-B07A-B5F91E8DA0BC}.Debug|Any CPU.ActiveCfg = Debug|Any CPU
		{F5D313AA-73CC-4818-B07A-B5F91E8DA0BC}.Debug|Any CPU.Build.0 = Debug|Any CPU
		{F5D313AA-73CC-4818-B07A-B5F91E8DA0BC}.Release|Any CPU.ActiveCfg = Release|Any CPU
		{F5D313AA-73CC-4818-B07A-B5F91E8DA0BC}.Release|Any CPU.Build.0 = Release|Any CPU
		{BC88530A-CC08-4760-B7B3-032C05CAAE74}.Debug|Any CPU.ActiveCfg = Debug|Any CPU
		{BC88530A-CC08-4760-B7B3-032C05CAAE74}.Debug|Any CPU.Build.0 = Debug|Any CPU
		{BC88530A-CC08-4760-B7B3-032C05CAAE74}.Release|Any CPU.ActiveCfg = Release|Any CPU
		{BC88530A-CC08-4760-B7B3-032C05CAAE74}.Release|Any CPU.Build.0 = Release|Any CPU
		{3B930142-3284-4F26-9E2C-845DE3AA4C52}.Debug|Any CPU.ActiveCfg = Debug|Any CPU
		{3B930142-3284-4F26-9E2C-845DE3AA4C52}.Debug|Any CPU.Build.0 = Debug|Any CPU
		{3B930142-3284-4F26-9E2C-845DE3AA4C52}.Release|Any CPU.ActiveCfg = Release|Any CPU
		{3B930142-3284-4F26-9E2C-845DE3AA4C52}.Release|Any CPU.Build.0 = Release|Any CPU
	EndGlobalSection
	GlobalSection(SolutionProperties) = preSolution
		HideSolutionNode = FALSE
	EndGlobalSection
EndGlobal
